
Microsoft Visual Studio Solution File, Format Version 12.00
# Visual Studio 15
VisualStudioVersion = 15.0.27004.2009
MinimumVisualStudioVersion = 10.0.40219.1
Project("{FAE04EC0-301F-11D3-BF4B-00C04F79EFBC}") = "JaredSchmidt_Agco", "JaredSchmidt_Agco\JaredSchmidt_Agco.csproj", "{944F24C4-4FD5-4867-850A-8418729E37EB}"
EndProject
Global
	GlobalSection(SolutionConfigurationPlatforms) = preSolution
		Debug|Any CPU = Debug|Any CPU
		Release|Any CPU = Release|Any CPU
	EndGlobalSection
	GlobalSection(ProjectConfigurationPlatforms) = postSolution
		{944F24C4-4FD5-4867-850A-8418729E37EB}.Debug|Any CPU.ActiveCfg = Debug|Any CPU
		{944F24C4-4FD5-4867-850A-8418729E37EB}.Debug|Any CPU.Build.0 = Debug|Any CPU
		{944F24C4-4FD5-4867-850A-8418729E37EB}.Release|Any CPU.ActiveCfg = Release|Any CPU
		{944F24C4-4FD5-4867-850A-8418729E37EB}.Release|Any CPU.Build.0 = Release|Any CPU
	EndGlobalSection
	GlobalSection(SolutionProperties) = preSolution
		HideSolutionNode = FALSE
	EndGlobalSection
	GlobalSection(ExtensibilityGlobals) = postSolution
		SolutionGuid = {2414F2A2-9BBC-44E0-A7B5-0325C8B7B143}
	EndGlobalSection
EndGlobal
